
Microsoft Visual Studio Solution File, Format Version 11.00
# Visual Studio 2010
Project("{FAE04EC0-301F-11D3-BF4B-00C04F79EFBC}") = "Fireworks Project", "Assembly-CSharp-firstpass.csproj", "{45068907-8ADF-C3E4-EC3D-6B798871E41C}"
EndProject
Project("{FAE04EC0-301F-11D3-BF4B-00C04F79EFBC}") = "Fireworks Project", "Assembly-CSharp.csproj", "{4781ECB0-C9E6-8789-A972-19201CAEE87C}"
EndProject
Global
	GlobalSection(SolutionConfigurationPlatforms) = preSolution
		Debug|Any CPU = Debug|Any CPU
		Release|Any CPU = Release|Any CPU
	EndGlobalSection
	GlobalSection(ProjectConfigurationPlatforms) = postSolution
		{45068907-8ADF-C3E4-EC3D-6B798871E41C}.Debug|Any CPU.ActiveCfg = Debug|Any CPU
		{45068907-8ADF-C3E4-EC3D-6B798871E41C}.Debug|Any CPU.Build.0 = Debug|Any CPU
		{45068907-8ADF-C3E4-EC3D-6B798871E41C}.Release|Any CPU.ActiveCfg = Release|Any CPU
		{45068907-8ADF-C3E4-EC3D-6B798871E41C}.Release|Any CPU.Build.0 = Release|Any CPU
		{4781ECB0-C9E6-8789-A972-19201CAEE87C}.Debug|Any CPU.ActiveCfg = Debug|Any CPU
		{4781ECB0-C9E6-8789-A972-19201CAEE87C}.Debug|Any CPU.Build.0 = Debug|Any CPU
		{4781ECB0-C9E6-8789-A972-19201CAEE87C}.Release|Any CPU.ActiveCfg = Release|Any CPU
		{4781ECB0-C9E6-8789-A972-19201CAEE87C}.Release|Any CPU.Build.0 = Release|Any CPU
	EndGlobalSection
	GlobalSection(SolutionProperties) = preSolution
		HideSolutionNode = FALSE
	EndGlobalSection
	GlobalSection(MonoDevelopProperties) = preSolution
		StartupItem = Assembly-CSharp.csproj
	EndGlobalSection
EndGlobal
